// !$*UTF8*$!
{
	archiveVersion = 1;
	classes = {
	};
	objectVersion = 50;
	objects = {

/* Begin PBXBuildFile section */
		59C291082408B9540057CF60 /* AppDelegate.swift in Sources */ = {isa = PBXBuildFile; fileRef = 59C291072408B9540057CF60 /* AppDelegate.swift */; };
		59C2910A2408B9540057CF60 /* GameScene.sks in Resources */ = {isa = PBXBuildFile; fileRef = 59C291092408B9540057CF60 /* GameScene.sks */; };
		59C2910C2408B9540057CF60 /* Actions.sks in Resources */ = {isa = PBXBuildFile; fileRef = 59C2910B2408B9540057CF60 /* Actions.sks */; };
		59C2910E2408B9540057CF60 /* GameScene.swift in Sources */ = {isa = PBXBuildFile; fileRef = 59C2910D2408B9540057CF60 /* GameScene.swift */; };
		59C291102408B9540057CF60 /* GameViewController.swift in Sources */ = {isa = PBXBuildFile; fileRef = 59C2910F2408B9540057CF60 /* GameViewController.swift */; };
		59C291132408B9540057CF60 /* Main.storyboard in Resources */ = {isa = PBXBuildFile; fileRef = 59C291112408B9540057CF60 /* Main.storyboard */; };
		59C291152408B9550057CF60 /* Assets.xcassets in Resources */ = {isa = PBXBuildFile; fileRef = 59C291142408B9550057CF60 /* Assets.xcassets */; };
		59C291182408B9550057CF60 /* LaunchScreen.storyboard in Resources */ = {isa = PBXBuildFile; fileRef = 59C291162408B9550057CF60 /* LaunchScreen.storyboard */; };
		59C291222408C5660057CF60 /* Point.sks in Resources */ = {isa = PBXBuildFile; fileRef = 59C291212408C5660057CF60 /* Point.sks */; };
/* End PBXBuildFile section */

/* Begin PBXFileReference section */
		59C291042408B9540057CF60 /* Blingtron-s_Circuit_Design_Tutorial-iOS.app */ = {isa = PBXFileReference; explicitFileType = wrapper.application; includeInIndex = 0; path = "Blingtron-s_Circuit_Design_Tutorial-iOS.app"; sourceTree = BUILT_PRODUCTS_DIR; };
		59C291072408B9540057CF60 /* AppDelegate.swift */ = {isa = PBXFileReference; lastKnownFileType = sourcecode.swift; path = AppDelegate.swift; sourceTree = "<group>"; };
		59C291092408B9540057CF60 /* GameScene.sks */ = {isa = PBXFileReference; lastKnownFileType = file.sks; path = GameScene.sks; sourceTree = "<group>"; };
		59C2910B2408B9540057CF60 /* Actions.sks */ = {isa = PBXFileReference; lastKnownFileType = file.sks; path = Actions.sks; sourceTree = "<group>"; };
		59C2910D2408B9540057CF60 /* GameScene.swift */ = {isa = PBXFileReference; lastKnownFileType = sourcecode.swift; path = GameScene.swift; sourceTree = "<group>"; };
		59C2910F2408B9540057CF60 /* GameViewController.swift */ = {isa = PBXFileReference; lastKnownFileType = sourcecode.swift; path = GameViewController.swift; sourceTree = "<group>"; };
		59C291122408B9540057CF60 /* Base */ = {isa = PBXFileReference; lastKnownFileType = file.storyboard; name = Base; path = Base.lproj/Main.storyboard; sourceTree = "<group>"; };
		59C291142408B9550057CF60 /* Assets.xcassets */ = {isa = PBXFileReference; lastKnownFileType = folder.assetcatalog; path = Assets.xcassets; sourceTree = "<group>"; };
		59C291172408B9550057CF60 /* Base */ = {isa = PBXFileReference; lastKnownFileType = file.storyboard; name = Base; path = Base.lproj/LaunchScreen.storyboard; sourceTree = "<group>"; };
		59C291192408B9550057CF60 /* Info.plist */ = {isa = PBXFileReference; lastKnownFileType = text.plist.xml; path = Info.plist; sourceTree = "<group>"; };
		59C291212408C5660057CF60 /* Point.sks */ = {isa = PBXFileReference; lastKnownFileType = file.sks; path = Point.sks; sourceTree = "<group>"; };
/* End PBXFileReference section */

/* Begin PBXFrameworksBuildPhase section */
		59C291012408B9540057CF60 /* Frameworks */ = {
			isa = PBXFrameworksBuildPhase;
			buildActionMask = 2147483647;
			files = (
			);
			runOnlyForDeploymentPostprocessing = 0;
		};
/* End PBXFrameworksBuildPhase section */

/* Begin PBXGroup section */
		59C290FB2408B9540057CF60 = {
			isa = PBXGroup;
			children = (
				59C291062408B9540057CF60 /* Blingtron-s_Circuit_Design_Tutorial-iOS */,
				59C291052408B9540057CF60 /* Products */,
			);
			sourceTree = "<group>";
		};
		59C291052408B9540057CF60 /* Products */ = {
			isa = PBXGroup;
			children = (
				59C291042408B9540057CF60 /* Blingtron-s_Circuit_Design_Tutorial-iOS.app */,
			);
			name = Products;
			sourceTree = "<group>";
		};
		59C291062408B9540057CF60 /* Blingtron-s_Circuit_Design_Tutorial-iOS */ = {
			isa = PBXGroup;
			children = (
				59C291072408B9540057CF60 /* AppDelegate.swift */,
				59C291092408B9540057CF60 /* GameScene.sks */,
				59C2910B2408B9540057CF60 /* Actions.sks */,
				59C2910D2408B9540057CF60 /* GameScene.swift */,
				59C291212408C5660057CF60 /* Point.sks */,
				59C2910F2408B9540057CF60 /* GameViewController.swift */,
				59C291112408B9540057CF60 /* Main.storyboard */,
				59C291142408B9550057CF60 /* Assets.xcassets */,
				59C291162408B9550057CF60 /* LaunchScreen.storyboard */,
				59C291192408B9550057CF60 /* Info.plist */,
			);
			path = "Blingtron-s_Circuit_Design_Tutorial-iOS";
			sourceTree = "<group>";
		};
/* End PBXGroup section */

/* Begin PBXNativeTarget section */
		59C291032408B9540057CF60 /* Blingtron-s_Circuit_Design_Tutorial-iOS */ = {
			isa = PBXNativeTarget;
			buildConfigurationList = 59C2911C2408B9550057CF60 /* Build configuration list for PBXNativeTarget "Blingtron-s_Circuit_Design_Tutorial-iOS" */;
			buildPhases = (
				59C291002408B9540057CF60 /* Sources */,
				59C291012408B9540057CF60 /* Frameworks */,
				59C291022408B9540057CF60 /* Resources */,
			);
			buildRules = (
			);
			dependencies = (
			);
			name = "Blingtron-s_Circuit_Design_Tutorial-iOS";
			productName = "Blingtron-s_Circuit_Design_Tutorial-iOS";
			productReference = 59C291042408B9540057CF60 /* Blingtron-s_Circuit_Design_Tutorial-iOS.app */;
			productType = "com.apple.product-type.application";
		};
/* End PBXNativeTarget section */

/* Begin PBXProject section */
		59C290FC2408B9540057CF60 /* Project object */ = {
			isa = PBXProject;
			attributes = {
				LastSwiftUpdateCheck = 1130;
				LastUpgradeCheck = 1130;
				ORGANIZATIONNAME = aiQG_;
				TargetAttributes = {
					59C291032408B9540057CF60 = {
						CreatedOnToolsVersion = 11.3.1;
					};
				};
			};
			buildConfigurationList = 59C290FF2408B9540057CF60 /* Build configuration list for PBXProject "Blingtron-s_Circuit_Design_Tutorial-iOS" */;
			compatibilityVersion = "Xcode 9.3";
			developmentRegion = en;
			hasScannedForEncodings = 0;
			knownRegions = (
				en,
				Base,
			);
			mainGroup = 59C290FB2408B9540057CF60;
			productRefGroup = 59C291052408B9540057CF60 /* Products */;
			projectDirPath = "";
			projectRoot = "";
			targets = (
				59C291032408B9540057CF60 /* Blingtron-s_Circuit_Design_Tutorial-iOS */,
			);
		};
/* End PBXProject section */

/* Begin PBXResourcesBuildPhase section */
		59C291022408B9540057CF60 /* Resources */ = {
			isa = PBXResourcesBuildPhase;
			buildActionMask = 2147483647;
			files = (
				59C291132408B9540057CF60 /* Main.storyboard in Resources */,
				59C2910A2408B9540057CF60 /* GameScene.sks in Resources */,
				59C291152408B9550057CF60 /* Assets.xcassets in Resources */,
				59C291222408C5660057CF60 /* Point.sks in Resources */,
				59C291182408B9550057CF60 /* LaunchScreen.storyboard in Resources */,
				59C2910C2408B9540057CF60 /* Actions.sks in Resources */,
			);
			runOnlyForDeploymentPostprocessing = 0;
		};
/* End PBXResourcesBuildPhase section */

/* Begin PBXSourcesBuildPhase section */
		59C291002408B9540057CF60 /* Sources */ = {
			isa = PBXSourcesBuildPhase;
			buildActionMask = 2147483647;
			files = (
				59C2910E2408B9540057CF60 /* GameScene.swift in Sources */,
				59C291102408B9540057CF60 /* GameViewController.swift in Sources */,
				59C291082408B9540057CF60 /* AppDelegate.swift in Sources */,
			);
			runOnlyForDeploymentPostprocessing = 0;
		};
/* End PBXSourcesBuildPhase section */

/* Begin PBXVariantGroup section */
		59C291112408B9540057CF60 /* Main.storyboard */ = {
			isa = PBXVariantGroup;
			children = (
				59C291122408B9540057CF60 /* Base */,
			);
			name = Main.storyboard;
			sourceTree = "<group>";
		};
		59C291162408B9550057CF60 /* LaunchScreen.storyboard */ = {
			isa = PBXVariantGroup;
			children = (
				59C291172408B9550057CF60 /* Base */,
			);
			name = LaunchScreen.storyboard;
			sourceTree = "<group>";
		};
/* End PBXVariantGroup section */

/* Begin XCBuildConfiguration section */
		59C2911A2408B9550057CF60 /* Debug */ = {
			isa = XCBuildConfiguration;
			buildSettings = {
				ALWAYS_SEARCH_USER_PATHS = NO;
				CLANG_ANALYZER_NONNULL = YES;
				CLANG_ANALYZER_NUMBER_OBJECT_CONVERSION = YES_AGGRESSIVE;
				CLANG_CXX_LANGUAGE_STANDARD = "gnu++14";
				CLANG_CXX_LIBRARY = "libc++";
				CLANG_ENABLE_MODULES = YES;
				CLANG_ENABLE_OBJC_ARC = YES;
				CLANG_ENABLE_OBJC_WEAK = YES;
				CLANG_WARN_BLOCK_CAPTURE_AUTORELEASING = YES;
				CLANG_WARN_BOOL_CONVERSION = YES;
				CLANG_WARN_COMMA = YES;
				CLANG_WARN_CONSTANT_CONVERSION = YES;
				CLANG_WARN_DEPRECATED_OBJC_IMPLEMENTATIONS = YES;
				CLANG_WARN_DIRECT_OBJC_ISA_USAGE = YES_ERROR;
				CLANG_WARN_DOCUMENTATION_COMMENTS = YES;
				CLANG_WARN_EMPTY_BODY = YES;
				CLANG_WARN_ENUM_CONVERSION = YES;
				CLANG_WARN_INFINITE_RECURSION = YES;
				CLANG_WARN_INT_CONVERSION = YES;
				CLANG_WARN_NON_LITERAL_NULL_CONVERSION = YES;
				CLANG_WARN_OBJC_IMPLICIT_RETAIN_SELF = YES;
				CLANG_WARN_OBJC_LITERAL_CONVERSION = YES;
				CLANG_WARN_OBJC_ROOT_CLASS = YES_ERROR;
				CLANG_WARN_RANGE_LOOP_ANALYSIS = YES;
				CLANG_WARN_STRICT_PROTOTYPES = YES;
				CLANG_WARN_SUSPICIOUS_MOVE = YES;
				CLANG_WARN_UNGUARDED_AVAILABILITY = YES_AGGRESSIVE;
				CLANG_WARN_UNREACHABLE_CODE = YES;
				CLANG_WARN__DUPLICATE_METHOD_MATCH = YES;
				COPY_PHASE_STRIP = NO;
				DEBUG_INFORMATION_FORMAT = dwarf;
				ENABLE_STRICT_OBJC_MSGSEND = YES;
				ENABLE_TESTABILITY = YES;
				GCC_C_LANGUAGE_STANDARD = gnu11;
				GCC_DYNAMIC_NO_PIC = NO;
				GCC_NO_COMMON_BLOCKS = YES;
				GCC_OPTIMIZATION_LEVEL = 0;
				GCC_PREPROCESSOR_DEFINITIONS = (
					"DEBUG=1",
					"$(inherited)",
				);
				GCC_WARN_64_TO_32_BIT_CONVERSION = YES;
				GCC_WARN_ABOUT_RETURN_TYPE = YES_ERROR;
				GCC_WARN_UNDECLARED_SELECTOR = YES;
				GCC_WARN_UNINITIALIZED_AUTOS = YES_AGGRESSIVE;
				GCC_WARN_UNUSED_FUNCTION = YES;
				GCC_WARN_UNUSED_VARIABLE = YES;
				IPHONEOS_DEPLOYMENT_TARGET = 13.2;
				MTL_ENABLE_DEBUG_INFO = INCLUDE_SOURCE;
				MTL_FAST_MATH = YES;
				ONLY_ACTIVE_ARCH = YES;
				SDKROOT = iphoneos;
				SWIFT_ACTIVE_COMPILATION_CONDITIONS = DEBUG;
				SWIFT_OPTIMIZATION_LEVEL = "-Onone";
			};
			name = Debug;
		};
		59C2911B2408B9550057CF60 /* Release */ = {
			isa = XCBuildConfiguration;
			buildSettings = {
				ALWAYS_SEARCH_USER_PATHS = NO;
				CLANG_ANALYZER_NONNULL = YES;
				CLANG_ANALYZER_NUMBER_OBJECT_CONVERSION = YES_AGGRESSIVE;
				CLANG_CXX_LANGUAGE_STANDARD = "gnu++14";
				CLANG_CXX_LIBRARY = "libc++";
				CLANG_ENABLE_MODULES = YES;
				CLANG_ENABLE_OBJC_ARC = YES;
				CLANG_ENABLE_OBJC_WEAK = YES;
				CLANG_WARN_BLOCK_CAPTURE_AUTORELEASING = YES;
				CLANG_WARN_BOOL_CONVERSION = YES;
				CLANG_WARN_COMMA = YES;
				CLANG_WARN_CONSTANT_CONVERSION = YES;
				CLANG_WARN_DEPRECATED_OBJC_IMPLEMENTATIONS = YES;
				CLANG_WARN_DIRECT_OBJC_ISA_USAGE = YES_ERROR;
				CLANG_WARN_DOCUMENTATION_COMMENTS = YES;
				CLANG_WARN_EMPTY_BODY = YES;
				CLANG_WARN_ENUM_CONVERSION = YES;
				CLANG_WARN_INFINITE_RECURSION = YES;
				CLANG_WARN_INT_CONVERSION = YES;
				CLANG_WARN_NON_LITERAL_NULL_CONVERSION = YES;
				CLANG_WARN_OBJC_IMPLICIT_RETAIN_SELF = YES;
				CLANG_WARN_OBJC_LITERAL_CONVERSION = YES;
				CLANG_WARN_OBJC_ROOT_CLASS = YES_ERROR;
				CLANG_WARN_RANGE_LOOP_ANALYSIS = YES;
				CLANG_WARN_STRICT_PROTOTYPES = YES;
				CLANG_WARN_SUSPICIOUS_MOVE = YES;
				CLANG_WARN_UNGUARDED_AVAILABILITY = YES_AGGRESSIVE;
				CLANG_WARN_UNREACHABLE_CODE = YES;
				CLANG_WARN__DUPLICATE_METHOD_MATCH = YES;
				COPY_PHASE_STRIP = NO;
				DEBUG_INFORMATION_FORMAT = "dwarf-with-dsym";
				ENABLE_NS_ASSERTIONS = NO;
				ENABLE_STRICT_OBJC_MSGSEND = YES;
				GCC_C_LANGUAGE_STANDARD = gnu11;
				GCC_NO_COMMON_BLOCKS = YES;
				GCC_WARN_64_TO_32_BIT_CONVERSION = YES;
				GCC_WARN_ABOUT_RETURN_TYPE = YES_ERROR;
				GCC_WARN_UNDECLARED_SELECTOR = YES;
				GCC_WARN_UNINITIALIZED_AUTOS = YES_AGGRESSIVE;
				GCC_WARN_UNUSED_FUNCTION = YES;
				GCC_WARN_UNUSED_VARIABLE = YES;
				IPHONEOS_DEPLOYMENT_TARGET = 13.2;
				MTL_ENABLE_DEBUG_INFO = NO;
				MTL_FAST_MATH = YES;
				SDKROOT = iphoneos;
				SWIFT_COMPILATION_MODE = wholemodule;
				SWIFT_OPTIMIZATION_LEVEL = "-O";
				VALIDATE_PRODUCT = YES;
			};
			name = Release;
		};
		59C2911D2408B9550057CF60 /* Debug */ = {
			isa = XCBuildConfiguration;
			buildSettings = {
				ASSETCATALOG_COMPILER_APPICON_NAME = AppIcon;
				CODE_SIGN_STYLE = Automatic;
				DEVELOPMENT_TEAM = DAF5ATH2GC;
				INFOPLIST_FILE = "Blingtron-s_Circuit_Design_Tutorial-iOS/Info.plist";
				LD_RUNPATH_SEARCH_PATHS = (
					"$(inherited)",
					"@executable_path/Frameworks",
				);
				PRODUCT_BUNDLE_IDENTIFIER = "aiQG-.Blingtron-s-Circuit-Design-Tutorial-iOS";
				PRODUCT_NAME = "$(TARGET_NAME)";
				SWIFT_VERSION = 5.0;
				TARGETED_DEVICE_FAMILY = "1,2";
			};
			name = Debug;
		};
		59C2911E2408B9550057CF60 /* Release */ = {
			isa = XCBuildConfiguration;
			buildSettings = {
				ASSETCATALOG_COMPILER_APPICON_NAME = AppIcon;
				CODE_SIGN_STYLE = Automatic;
				DEVELOPMENT_TEAM = DAF5ATH2GC;
				INFOPLIST_FILE = "Blingtron-s_Circuit_Design_Tutorial-iOS/Info.plist";
				LD_RUNPATH_SEARCH_PATHS = (
					"$(inherited)",
					"@executable_path/Frameworks",
				);
				PRODUCT_BUNDLE_IDENTIFIER = "aiQG-.Blingtron-s-Circuit-Design-Tutorial-iOS";
				PRODUCT_NAME = "$(TARGET_NAME)";
				SWIFT_VERSION = 5.0;
				TARGETED_DEVICE_FAMILY = "1,2";
			};
			name = Release;
		};
/* End XCBuildConfiguration section */

/* Begin XCConfigurationList section */
		59C290FF2408B9540057CF60 /* Build configuration list for PBXProject "Blingtron-s_Circuit_Design_Tutorial-iOS" */ = {
			isa = XCConfigurationList;
			buildConfigurations = (
				59C2911A2408B9550057CF60 /* Debug */,
				59C2911B2408B9550057CF60 /* Release */,
			);
			defaultConfigurationIsVisible = 0;
			defaultConfigurationName = Release;
		};
		59C2911C2408B9550057CF60 /* Build configuration list for PBXNativeTarget "Blingtron-s_Circuit_Design_Tutorial-iOS" */ = {
			isa = XCConfigurationList;
			buildConfigurations = (
				59C2911D2408B9550057CF60 /* Debug */,
				59C2911E2408B9550057CF60 /* Release */,
			);
			defaultConfigurationIsVisible = 0;
			defaultConfigurationName = Release;
		};
/* End XCConfigurationList section */
	};
	rootObject = 59C290FC2408B9540057CF60 /* Project object */;
}
